
Microsoft Visual Studio Solution File, Format Version 12.00
# Visual Studio 15
VisualStudioVersion = 15.0.27130.2036
MinimumVisualStudioVersion = 10.0.40219.1
Project("{8BC9CEB8-8B4A-11D0-8D11-00A0C91BC942}") = "GameEngine", "GameEngine\GameEngine.vcxproj", "{F07559FD-0F24-45BC-A177-A32231726858}"
EndProject
Project("{8BC9CEB8-8B4A-11D0-8D11-00A0C91BC942}") = "WiedzmakTheGame", "WiedzmakTheGame\WiedzmakTheGame.vcxproj", "{638544B2-946E-49FC-8EF4-468BFF18588B}"
	ProjectSection(ProjectDependencies) = postProject
		{F07559FD-0F24-45BC-A177-A32231726858} = {F07559FD-0F24-45BC-A177-A32231726858}
	EndProjectSection
EndProject
Global
	GlobalSection(SolutionConfigurationPlatforms) = preSolution
		Debug|x64 = Debug|x64
		Debug|x86 = Debug|x86
		MinSizeRel|x64 = MinSizeRel|x64
		MinSizeRel|x86 = MinSizeRel|x86
		Release|x64 = Release|x64
		Release|x86 = Release|x86
		RelWithDebInfo|x64 = RelWithDebInfo|x64
		RelWithDebInfo|x86 = RelWithDebInfo|x86
	EndGlobalSection
	GlobalSection(ProjectConfigurationPlatforms) = postSolution
		{F07559FD-0F24-45BC-A177-A32231726858}.Debug|x64.ActiveCfg = Debug|x64
		{F07559FD-0F24-45BC-A177-A32231726858}.Debug|x64.Build.0 = Debug|x64
		{F07559FD-0F24-45BC-A177-A32231726858}.Debug|x86.ActiveCfg = Debug|Win32
		{F07559FD-0F24-45BC-A177-A32231726858}.Debug|x86.Build.0 = Debug|Win32
		{F07559FD-0F24-45BC-A177-A32231726858}.MinSizeRel|x64.ActiveCfg = Release|x64
		{F07559FD-0F24-45BC-A177-A32231726858}.MinSizeRel|x64.Build.0 = Release|x64
		{F07559FD-0F24-45BC-A177-A32231726858}.MinSizeRel|x86.ActiveCfg = Release|Win32
		{F07559FD-0F24-45BC-A177-A32231726858}.MinSizeRel|x86.Build.0 = Release|Win32
		{F07559FD-0F24-45BC-A177-A32231726858}.Release|x64.ActiveCfg = Release|x64
		{F07559FD-0F24-45BC-A177-A32231726858}.Release|x64.Build.0 = Release|x64
		{F07559FD-0F24-45BC-A177-A32231726858}.Release|x86.ActiveCfg = Release|Win32
		{F07559FD-0F24-45BC-A177-A32231726858}.Release|x86.Build.0 = Release|Win32
		{F07559FD-0F24-45BC-A177-A32231726858}.RelWithDebInfo|x64.ActiveCfg = Release|x64
		{F07559FD-0F24-45BC-A177-A32231726858}.RelWithDebInfo|x64.Build.0 = Release|x64
		{F07559FD-0F24-45BC-A177-A32231726858}.RelWithDebInfo|x86.ActiveCfg = Release|Win32
		{F07559FD-0F24-45BC-A177-A32231726858}.RelWithDebInfo|x86.Build.0 = Release|Win32
		{638544B2-946E-49FC-8EF4-468BFF18588B}.Debug|x64.ActiveCfg = Debug|x64
		{638544B2-946E-49FC-8EF4-468BFF18588B}.Debug|x64.Build.0 = Debug|x64
		{638544B2-946E-49FC-8EF4-468BFF18588B}.Debug|x86.ActiveCfg = Debug|Win32
		{638544B2-946E-49FC-8EF4-468BFF18588B}.Debug|x86.Build.0 = Debug|Win32
		{638544B2-946E-49FC-8EF4-468BFF18588B}.MinSizeRel|x64.ActiveCfg = Release|x64
		{638544B2-946E-49FC-8EF4-468BFF18588B}.MinSizeRel|x64.Build.0 = Release|x64
		{638544B2-946E-49FC-8EF4-468BFF18588B}.MinSizeRel|x86.ActiveCfg = Release|Win32
		{638544B2-946E-49FC-8EF4-468BFF18588B}.MinSizeRel|x86.Build.0 = Release|Win32
		{638544B2-946E-49FC-8EF4-468BFF18588B}.Release|x64.ActiveCfg = Release|x64
		{638544B2-946E-49FC-8EF4-468BFF18588B}.Release|x64.Build.0 = Release|x64
		{638544B2-946E-49FC-8EF4-468BFF18588B}.Release|x86.ActiveCfg = Release|Win32
		{638544B2-946E-49FC-8EF4-468BFF18588B}.Release|x86.Build.0 = Release|Win32
		{638544B2-946E-49FC-8EF4-468BFF18588B}.RelWithDebInfo|x64.ActiveCfg = Release|x64
		{638544B2-946E-49FC-8EF4-468BFF18588B}.RelWithDebInfo|x64.Build.0 = Release|x64
		{638544B2-946E-49FC-8EF4-468BFF18588B}.RelWithDebInfo|x86.ActiveCfg = Release|Win32
		{638544B2-946E-49FC-8EF4-468BFF18588B}.RelWithDebInfo|x86.Build.0 = Release|Win32
	EndGlobalSection
	GlobalSection(SolutionProperties) = preSolution
		HideSolutionNode = FALSE
	EndGlobalSection
	GlobalSection(ExtensibilityGlobals) = postSolution
		SolutionGuid = {5A585C9A-2865-478E-BB83-767C1F648978}
	EndGlobalSection
EndGlobal
